
Microsoft Visual Studio Solution File, Format Version 12.00
# Visual Studio Version 17
VisualStudioVersion = 17.5.002.0
MinimumVisualStudioVersion = 10.0.40219.1
Project("{9A19103F-16F7-4668-BE54-9A1E7A4F7556}") = "Portafolio.Api", "Portafolio.Api.csproj", "{A8FFD43F-32FB-4919-8C66-255D3ABA3C04}"
EndProject
Global
	GlobalSection(SolutionConfigurationPlatforms) = preSolution
		Debug|Any CPU = Debug|Any CPU
		Release|Any CPU = Release|Any CPU
	EndGlobalSection
	GlobalSection(ProjectConfigurationPlatforms) = postSolution
		{A8FFD43F-32FB-4919-8C66-255D3ABA3C04}.Debug|Any CPU.ActiveCfg = Debug|Any CPU
		{A8FFD43F-32FB-4919-8C66-255D3ABA3C04}.Debug|Any CPU.Build.0 = Debug|Any CPU
		{A8FFD43F-32FB-4919-8C66-255D3ABA3C04}.Release|Any CPU.ActiveCfg = Release|Any CPU
		{A8FFD43F-32FB-4919-8C66-255D3ABA3C04}.Release|Any CPU.Build.0 = Release|Any CPU
	EndGlobalSection
	GlobalSection(SolutionProperties) = preSolution
		HideSolutionNode = FALSE
	EndGlobalSection
	GlobalSection(ExtensibilityGlobals) = postSolution
		SolutionGuid = {56CBD1E0-5C58-46A7-B411-796566A6440C}
	EndGlobalSection
EndGlobal
